
Microsoft Visual Studio Solution File, Format Version 12.00
# Visual Studio Version 17
VisualStudioVersion = 17.13.35828.75 d17.13
MinimumVisualStudioVersion = 10.0.40219.1
Project("{FAE04EC0-301F-11D3-BF4B-00C04F79EFBC}") = "DeliverySystem", "DeliverySystem\DeliverySystem.csproj", "{6E52225F-7AFF-431B-A21C-3C44B80B194A}"
EndProject
Project("{FAE04EC0-301F-11D3-BF4B-00C04F79EFBC}") = "DeliverySystem.Tests", "..\..\DeliverySystem.Tests\DeliverySystem.Tests.csproj", "{EB1A7DD7-FD95-C8AB-C7CF-079421D7780E}"
EndProject
Global
	GlobalSection(SolutionConfigurationPlatforms) = preSolution
		Debug|Any CPU = Debug|Any CPU
		Release|Any CPU = Release|Any CPU
	EndGlobalSection
	GlobalSection(ProjectConfigurationPlatforms) = postSolution
		{6E52225F-7AFF-431B-A21C-3C44B80B194A}.Debug|Any CPU.ActiveCfg = Debug|Any CPU
		{6E52225F-7AFF-431B-A21C-3C44B80B194A}.Debug|Any CPU.Build.0 = Debug|Any CPU
		{6E52225F-7AFF-431B-A21C-3C44B80B194A}.Release|Any CPU.ActiveCfg = Release|Any CPU
		{6E52225F-7AFF-431B-A21C-3C44B80B194A}.Release|Any CPU.Build.0 = Release|Any CPU
		{EB1A7DD7-FD95-C8AB-C7CF-079421D7780E}.Debug|Any CPU.ActiveCfg = Debug|Any CPU
		{EB1A7DD7-FD95-C8AB-C7CF-079421D7780E}.Debug|Any CPU.Build.0 = Debug|Any CPU
		{EB1A7DD7-FD95-C8AB-C7CF-079421D7780E}.Release|Any CPU.ActiveCfg = Release|Any CPU
		{EB1A7DD7-FD95-C8AB-C7CF-079421D7780E}.Release|Any CPU.Build.0 = Release|Any CPU
	EndGlobalSection
	GlobalSection(SolutionProperties) = preSolution
		HideSolutionNode = FALSE
	EndGlobalSection
	GlobalSection(ExtensibilityGlobals) = postSolution
		SolutionGuid = {BF751D6C-5A81-4613-9B33-53DEED612445}
	EndGlobalSection
EndGlobal
